{
  "version": 1,
  "dependencies": {
    "net7.0-windows7.0": {
      "DalamudPackager": {
        "type": "Direct",
        "requested": "[2.1.12, )",
        "resolved": "2.1.12",
        "contentHash": "Sc0PVxvgg4NQjcI8n10/VfUQBAS4O+Fw2pZrAqBdRMbthYGeogzu5+xmIGCGmsEZ/ukMOBuAqiNiB5qA3MRalg=="
      },
      "Meziantou.Analyzer": {
        "type": "Direct",
        "requested": "[2.0.103, )",
        "resolved": "2.0.103",
        "contentHash": "WtBqQjBmXjzp4qA9O/vXsm1ykbJx/f85/DYGR0pHI+vVKKEKnvvkq5OliX9Qv58L5yrXVJsg6xqe0PTX25hmDQ=="
      }
    }
  }
}