{
  "version": 1,
  "dependencies": {
    "net7.0-windows7.0": {
      "DalamudPackager": {
        "type": "Direct",
        "requested": "[2.1.12, )",
        "resolved": "2.1.12",
        "contentHash": "Sc0PVxvgg4NQjcI8n10/VfUQBAS4O+Fw2pZrAqBdRMbthYGeogzu5+xmIGCGmsEZ/ukMOBuAqiNiB5qA3MRalg=="
      },
      "Meziantou.Analyzer": {
        "type": "Direct",
        "requested": "[2.0.138, )",
        "resolved": "2.0.138",
        "contentHash": "WjqWE3D2nheZ4CsPVaa4qZnIJ97d7uiJo/1vU9HFlLiA/rJOF3lugiP8BHtc9jB3YqhOeAye++BvUBuNA0LsMQ=="
      }
    }
  }
}