{
  "version": 1,
  "dependencies": {
    "net8.0-windows7.0": {
      "DalamudPackager": {
        "type": "Direct",
        "requested": "[2.1.12, )",
        "resolved": "2.1.12",
        "contentHash": "Sc0PVxvgg4NQjcI8n10/VfUQBAS4O+Fw2pZrAqBdRMbthYGeogzu5+xmIGCGmsEZ/ukMOBuAqiNiB5qA3MRalg=="
      },
      "Meziantou.Analyzer": {
        "type": "Direct",
        "requested": "[2.0.147, )",
        "resolved": "2.0.147",
        "contentHash": "bloVeZFFQKeJ8QO65XgN1FTHvzKGU523otZjDvQU4Wu7FLWbd/AjWoDFlCaSpBiC+awD/B8Q7CuwINJEVMsk+Q=="
      }
    }
  }
}